
Microsoft Visual Studio Solution File, Format Version 12.00
# Visual Studio Version 16
VisualStudioVersion = 16.0.31129.286
MinimumVisualStudioVersion = 10.0.40219.1
Project("{FAE04EC0-301F-11D3-BF4B-00C04F79EFBC}") = "Entities", "Entities\Entities.csproj", "{18A664C6-24A9-4CBE-B123-D902BCFBAE1F}"
EndProject
Project("{FAE04EC0-301F-11D3-BF4B-00C04F79EFBC}") = "DataAccess", "DataAccess\DataAccess.csproj", "{4F382941-ECB6-4B22-ADC4-9EE3E56F09B6}"
EndProject
Project("{FAE04EC0-301F-11D3-BF4B-00C04F79EFBC}") = "Business", "Business\Business.csproj", "{78BBF51A-E994-4A46-A418-B32B328D877B}"
EndProject
Project("{FAE04EC0-301F-11D3-BF4B-00C04F79EFBC}") = "Console", "Console\Console.csproj", "{33807A72-E3A9-4FEE-A59A-98954B1F1D58}"
EndProject
Project("{FAE04EC0-301F-11D3-BF4B-00C04F79EFBC}") = "Core", "Core\Core.csproj", "{4828F05F-C671-4A92-965E-4ABB7026D007}"
EndProject
Global
	GlobalSection(SolutionConfigurationPlatforms) = preSolution
		Debug|Any CPU = Debug|Any CPU
		Release|Any CPU = Release|Any CPU
	EndGlobalSection
	GlobalSection(ProjectConfigurationPlatforms) = postSolution
		{18A664C6-24A9-4CBE-B123-D902BCFBAE1F}.Debug|Any CPU.ActiveCfg = Debug|Any CPU
		{18A664C6-24A9-4CBE-B123-D902BCFBAE1F}.Debug|Any CPU.Build.0 = Debug|Any CPU
		{18A664C6-24A9-4CBE-B123-D902BCFBAE1F}.Release|Any CPU.ActiveCfg = Release|Any CPU
		{18A664C6-24A9-4CBE-B123-D902BCFBAE1F}.Release|Any CPU.Build.0 = Release|Any CPU
		{4F382941-ECB6-4B22-ADC4-9EE3E56F09B6}.Debug|Any CPU.ActiveCfg = Debug|Any CPU
		{4F382941-ECB6-4B22-ADC4-9EE3E56F09B6}.Debug|Any CPU.Build.0 = Debug|Any CPU
		{4F382941-ECB6-4B22-ADC4-9EE3E56F09B6}.Release|Any CPU.ActiveCfg = Release|Any CPU
		{4F382941-ECB6-4B22-ADC4-9EE3E56F09B6}.Release|Any CPU.Build.0 = Release|Any CPU
		{78BBF51A-E994-4A46-A418-B32B328D877B}.Debug|Any CPU.ActiveCfg = Debug|Any CPU
		{78BBF51A-E994-4A46-A418-B32B328D877B}.Debug|Any CPU.Build.0 = Debug|Any CPU
		{78BBF51A-E994-4A46-A418-B32B328D877B}.Release|Any CPU.ActiveCfg = Release|Any CPU
		{78BBF51A-E994-4A46-A418-B32B328D877B}.Release|Any CPU.Build.0 = Release|Any CPU
		{33807A72-E3A9-4FEE-A59A-98954B1F1D58}.Debug|Any CPU.ActiveCfg = Debug|Any CPU
		{33807A72-E3A9-4FEE-A59A-98954B1F1D58}.Debug|Any CPU.Build.0 = Debug|Any CPU
		{33807A72-E3A9-4FEE-A59A-98954B1F1D58}.Release|Any CPU.ActiveCfg = Release|Any CPU
		{33807A72-E3A9-4FEE-A59A-98954B1F1D58}.Release|Any CPU.Build.0 = Release|Any CPU
		{4828F05F-C671-4A92-965E-4ABB7026D007}.Debug|Any CPU.ActiveCfg = Debug|Any CPU
		{4828F05F-C671-4A92-965E-4ABB7026D007}.Debug|Any CPU.Build.0 = Debug|Any CPU
		{4828F05F-C671-4A92-965E-4ABB7026D007}.Release|Any CPU.ActiveCfg = Release|Any CPU
		{4828F05F-C671-4A92-965E-4ABB7026D007}.Release|Any CPU.Build.0 = Release|Any CPU
	EndGlobalSection
	GlobalSection(SolutionProperties) = preSolution
		HideSolutionNode = FALSE
	EndGlobalSection
	GlobalSection(ExtensibilityGlobals) = postSolution
		SolutionGuid = {87E29377-FEC2-4DB7-97CF-F77C57CAAC46}
	EndGlobalSection
EndGlobal
